
Microsoft Visual Studio Solution File, Format Version 12.00
# Visual Studio 15
VisualStudioVersion = 15.0.27428.2037
MinimumVisualStudioVersion = 10.0.40219.1
Project("{8BC9CEB8-8B4A-11D0-8D11-00A0C91BC942}") = "vs_imu", "vs_imu.vcxproj", "{C9858980-A2A5-4745-BD07-E22121F024A6}"
EndProject
Global
	GlobalSection(SolutionConfigurationPlatforms) = preSolution
		Debug|ARM = Debug|ARM
		Debug|x64 = Debug|x64
		Debug|x86 = Debug|x86
		Release|ARM = Release|ARM
		Release|x64 = Release|x64
		Release|x86 = Release|x86
	EndGlobalSection
	GlobalSection(ProjectConfigurationPlatforms) = postSolution
		{C9858980-A2A5-4745-BD07-E22121F024A6}.Debug|ARM.ActiveCfg = Debug|ARM
		{C9858980-A2A5-4745-BD07-E22121F024A6}.Debug|ARM.Build.0 = Debug|ARM
		{C9858980-A2A5-4745-BD07-E22121F024A6}.Debug|x64.ActiveCfg = Debug|x64
		{C9858980-A2A5-4745-BD07-E22121F024A6}.Debug|x64.Build.0 = Debug|x64
		{C9858980-A2A5-4745-BD07-E22121F024A6}.Debug|x86.ActiveCfg = Debug|x86
		{C9858980-A2A5-4745-BD07-E22121F024A6}.Debug|x86.Build.0 = Debug|x86
		{C9858980-A2A5-4745-BD07-E22121F024A6}.Release|ARM.ActiveCfg = Release|ARM
		{C9858980-A2A5-4745-BD07-E22121F024A6}.Release|ARM.Build.0 = Release|ARM
		{C9858980-A2A5-4745-BD07-E22121F024A6}.Release|x64.ActiveCfg = Release|x64
		{C9858980-A2A5-4745-BD07-E22121F024A6}.Release|x64.Build.0 = Release|x64
		{C9858980-A2A5-4745-BD07-E22121F024A6}.Release|x86.ActiveCfg = Release|x86
		{C9858980-A2A5-4745-BD07-E22121F024A6}.Release|x86.Build.0 = Release|x86
	EndGlobalSection
	GlobalSection(SolutionProperties) = preSolution
		HideSolutionNode = FALSE
	EndGlobalSection
	GlobalSection(ExtensibilityGlobals) = postSolution
		SolutionGuid = {81D2BAA0-E155-4306-BDA8-03E2BED48D66}
	EndGlobalSection
EndGlobal
